// !$*UTF8*$!
{
	archiveVersion = 1;
	classes = {
	};
	objectVersion = 46;
	objects = {

/* Begin PBXBuildFile section */
		F84F2DBA1DEA5B8600C0C187 /* AppDelegate.swift in Sources */ = {isa = PBXBuildFile; fileRef = F84F2DB91DEA5B8600C0C187 /* AppDelegate.swift */; };
		F84F2DBC1DEA5B8600C0C187 /* ViewController.swift in Sources */ = {isa = PBXBuildFile; fileRef = F84F2DBB1DEA5B8600C0C187 /* ViewController.swift */; };
		F84F2DBF1DEA5B8600C0C187 /* Main.storyboard in Resources */ = {isa = PBXBuildFile; fileRef = F84F2DBD1DEA5B8600C0C187 /* Main.storyboard */; };
		F84F2DC11DEA5B8600C0C187 /* Assets.xcassets in Resources */ = {isa = PBXBuildFile; fileRef = F84F2DC01DEA5B8600C0C187 /* Assets.xcassets */; };
		F84F2DC41DEA5B8600C0C187 /* LaunchScreen.storyboard in Resources */ = {isa = PBXBuildFile; fileRef = F84F2DC21DEA5B8600C0C187 /* LaunchScreen.storyboard */; };
		F84F2DCC1DEA5C1200C0C187 /* SwiftNinjaLogo_CharacterOnly.png in Resources */ = {isa = PBXBuildFile; fileRef = F84F2DCB1DEA5C1200C0C187 /* SwiftNinjaLogo_CharacterOnly.png */; };
/* End PBXBuildFile section */

/* Begin PBXFileReference section */
		F84F2DB61DEA5B8600C0C187 /* Launchy.app */ = {isa = PBXFileReference; explicitFileType = wrapper.application; includeInIndex = 0; path = Launchy.app; sourceTree = BUILT_PRODUCTS_DIR; };
		F84F2DB91DEA5B8600C0C187 /* AppDelegate.swift */ = {isa = PBXFileReference; lastKnownFileType = sourcecode.swift; path = AppDelegate.swift; sourceTree = "<group>"; };
		F84F2DBB1DEA5B8600C0C187 /* ViewController.swift */ = {isa = PBXFileReference; lastKnownFileType = sourcecode.swift; path = ViewController.swift; sourceTree = "<group>"; };
		F84F2DBE1DEA5B8600C0C187 /* Base */ = {isa = PBXFileReference; lastKnownFileType = file.storyboard; name = Base; path = Base.lproj/Main.storyboard; sourceTree = "<group>"; };
		F84F2DC01DEA5B8600C0C187 /* Assets.xcassets */ = {isa = PBXFileReference; lastKnownFileType = folder.assetcatalog; path = Assets.xcassets; sourceTree = "<group>"; };
		F84F2DC31DEA5B8600C0C187 /* Base */ = {isa = PBXFileReference; lastKnownFileType = file.storyboard; name = Base; path = Base.lproj/LaunchScreen.storyboard; sourceTree = "<group>"; };
		F84F2DC51DEA5B8600C0C187 /* Info.plist */ = {isa = PBXFileReference; lastKnownFileType = text.plist.xml; path = Info.plist; sourceTree = "<group>"; };
		F84F2DCB1DEA5C1200C0C187 /* SwiftNinjaLogo_CharacterOnly.png */ = {isa = PBXFileReference; lastKnownFileType = image.png; path = SwiftNinjaLogo_CharacterOnly.png; sourceTree = "<group>"; };
/* End PBXFileReference section */

/* Begin PBXFrameworksBuildPhase section */
		F84F2DB31DEA5B8600C0C187 /* Frameworks */ = {
			isa = PBXFrameworksBuildPhase;
			buildActionMask = 2147483647;
			files = (
			);
			runOnlyForDeploymentPostprocessing = 0;
		};
/* End PBXFrameworksBuildPhase section */

/* Begin PBXGroup section */
		F84F2DAD1DEA5B8600C0C187 = {
			isa = PBXGroup;
			children = (
				F84F2DB81DEA5B8600C0C187 /* Launchy */,
				F84F2DB71DEA5B8600C0C187 /* Products */,
			);
			sourceTree = "<group>";
		};
		F84F2DB71DEA5B8600C0C187 /* Products */ = {
			isa = PBXGroup;
			children = (
				F84F2DB61DEA5B8600C0C187 /* Launchy.app */,
			);
			name = Products;
			sourceTree = "<group>";
		};
		F84F2DB81DEA5B8600C0C187 /* Launchy */ = {
			isa = PBXGroup;
			children = (
				F84F2DB91DEA5B8600C0C187 /* AppDelegate.swift */,
				F84F2DBB1DEA5B8600C0C187 /* ViewController.swift */,
				F84F2DBD1DEA5B8600C0C187 /* Main.storyboard */,
				F84F2DC01DEA5B8600C0C187 /* Assets.xcassets */,
				F84F2DC21DEA5B8600C0C187 /* LaunchScreen.storyboard */,
				F84F2DC51DEA5B8600C0C187 /* Info.plist */,
				F84F2DCD1DEA5C1800C0C187 /* Images */,
			);
			path = Launchy;
			sourceTree = "<group>";
		};
		F84F2DCD1DEA5C1800C0C187 /* Images */ = {
			isa = PBXGroup;
			children = (
				F84F2DCB1DEA5C1200C0C187 /* SwiftNinjaLogo_CharacterOnly.png */,
			);
			name = Images;
			sourceTree = "<group>";
		};
/* End PBXGroup section */

/* Begin PBXNativeTarget section */
		F84F2DB51DEA5B8600C0C187 /* Launchy */ = {
			isa = PBXNativeTarget;
			buildConfigurationList = F84F2DC81DEA5B8600C0C187 /* Build configuration list for PBXNativeTarget "Launchy" */;
			buildPhases = (
				F84F2DB21DEA5B8600C0C187 /* Sources */,
				F84F2DB31DEA5B8600C0C187 /* Frameworks */,
				F84F2DB41DEA5B8600C0C187 /* Resources */,
			);
			buildRules = (
			);
			dependencies = (
			);
			name = Launchy;
			productName = Launchy;
			productReference = F84F2DB61DEA5B8600C0C187 /* Launchy.app */;
			productType = "com.apple.product-type.application";
		};
/* End PBXNativeTarget section */

/* Begin PBXProject section */
		F84F2DAE1DEA5B8600C0C187 /* Project object */ = {
			isa = PBXProject;
			attributes = {
				LastSwiftUpdateCheck = 0810;
				LastUpgradeCheck = 0810;
				ORGANIZATIONNAME = "Peter Shearer";
				TargetAttributes = {
					F84F2DB51DEA5B8600C0C187 = {
						CreatedOnToolsVersion = 8.1;
						DevelopmentTeam = XV5UP6YVSA;
						ProvisioningStyle = Automatic;
					};
				};
			};
			buildConfigurationList = F84F2DB11DEA5B8600C0C187 /* Build configuration list for PBXProject "Launchy" */;
			compatibilityVersion = "Xcode 3.2";
			developmentRegion = English;
			hasScannedForEncodings = 0;
			knownRegions = (
				en,
				Base,
			);
			mainGroup = F84F2DAD1DEA5B8600C0C187;
			productRefGroup = F84F2DB71DEA5B8600C0C187 /* Products */;
			projectDirPath = "";
			projectRoot = "";
			targets = (
				F84F2DB51DEA5B8600C0C187 /* Launchy */,
			);
		};
/* End PBXProject section */

/* Begin PBXResourcesBuildPhase section */
		F84F2DB41DEA5B8600C0C187 /* Resources */ = {
			isa = PBXResourcesBuildPhase;
			buildActionMask = 2147483647;
			files = (
				F84F2DC41DEA5B8600C0C187 /* LaunchScreen.storyboard in Resources */,
				F84F2DC11DEA5B8600C0C187 /* Assets.xcassets in Resources */,
				F84F2DCC1DEA5C1200C0C187 /* SwiftNinjaLogo_CharacterOnly.png in Resources */,
				F84F2DBF1DEA5B8600C0C187 /* Main.storyboard in Resources */,
			);
			runOnlyForDeploymentPostprocessing = 0;
		};
/* End PBXResourcesBuildPhase section */

/* Begin PBXSourcesBuildPhase section */
		F84F2DB21DEA5B8600C0C187 /* Sources */ = {
			isa = PBXSourcesBuildPhase;
			buildActionMask = 2147483647;
			files = (
				F84F2DBC1DEA5B8600C0C187 /* ViewController.swift in Sources */,
				F84F2DBA1DEA5B8600C0C187 /* AppDelegate.swift in Sources */,
			);
			runOnlyForDeploymentPostprocessing = 0;
		};
/* End PBXSourcesBuildPhase section */

/* Begin PBXVariantGroup section */
		F84F2DBD1DEA5B8600C0C187 /* Main.storyboard */ = {
			isa = PBXVariantGroup;
			children = (
				F84F2DBE1DEA5B8600C0C187 /* Base */,
			);
			name = Main.storyboard;
			sourceTree = "<group>";
		};
		F84F2DC21DEA5B8600C0C187 /* LaunchScreen.storyboard */ = {
			isa = PBXVariantGroup;
			children = (
				F84F2DC31DEA5B8600C0C187 /* Base */,
			);
			name = LaunchScreen.storyboard;
			sourceTree = "<group>";
		};
/* End PBXVariantGroup section */

/* Begin XCBuildConfiguration section */
		F84F2DC61DEA5B8600C0C187 /* Debug */ = {
			isa = XCBuildConfiguration;
			buildSettings = {
				ALWAYS_SEARCH_USER_PATHS = NO;
				CLANG_ANALYZER_NONNULL = YES;
				CLANG_CXX_LANGUAGE_STANDARD = "gnu++0x";
				CLANG_CXX_LIBRARY = "libc++";
				CLANG_ENABLE_MODULES = YES;
				CLANG_ENABLE_OBJC_ARC = YES;
				CLANG_WARN_BOOL_CONVERSION = YES;
				CLANG_WARN_CONSTANT_CONVERSION = YES;
				CLANG_WARN_DIRECT_OBJC_ISA_USAGE = YES_ERROR;
				CLANG_WARN_DOCUMENTATION_COMMENTS = YES;
				CLANG_WARN_EMPTY_BODY = YES;
				CLANG_WARN_ENUM_CONVERSION = YES;
				CLANG_WARN_INFINITE_RECURSION = YES;
				CLANG_WARN_INT_CONVERSION = YES;
				CLANG_WARN_OBJC_ROOT_CLASS = YES_ERROR;
				CLANG_WARN_SUSPICIOUS_MOVES = YES;
				CLANG_WARN_UNREACHABLE_CODE = YES;
				CLANG_WARN__DUPLICATE_METHOD_MATCH = YES;
				"CODE_SIGN_IDENTITY[sdk=iphoneos*]" = "iPhone Developer";
				COPY_PHASE_STRIP = NO;
				DEBUG_INFORMATION_FORMAT = dwarf;
				ENABLE_STRICT_OBJC_MSGSEND = YES;
				ENABLE_TESTABILITY = YES;
				GCC_C_LANGUAGE_STANDARD = gnu99;
				GCC_DYNAMIC_NO_PIC = NO;
				GCC_NO_COMMON_BLOCKS = YES;
				GCC_OPTIMIZATION_LEVEL = 0;
				GCC_PREPROCESSOR_DEFINITIONS = (
					"DEBUG=1",
					"$(inherited)",
				);
				GCC_WARN_64_TO_32_BIT_CONVERSION = YES;
				GCC_WARN_ABOUT_RETURN_TYPE = YES_ERROR;
				GCC_WARN_UNDECLARED_SELECTOR = YES;
				GCC_WARN_UNINITIALIZED_AUTOS = YES_AGGRESSIVE;
				GCC_WARN_UNUSED_FUNCTION = YES;
				GCC_WARN_UNUSED_VARIABLE = YES;
				IPHONEOS_DEPLOYMENT_TARGET = 10.1;
				MTL_ENABLE_DEBUG_INFO = YES;
				ONLY_ACTIVE_ARCH = YES;
				SDKROOT = iphoneos;
				SWIFT_ACTIVE_COMPILATION_CONDITIONS = DEBUG;
				SWIFT_OPTIMIZATION_LEVEL = "-Onone";
			};
			name = Debug;
		};
		F84F2DC71DEA5B8600C0C187 /* Release */ = {
			isa = XCBuildConfiguration;
			buildSettings = {
				ALWAYS_SEARCH_USER_PATHS = NO;
				CLANG_ANALYZER_NONNULL = YES;
				CLANG_CXX_LANGUAGE_STANDARD = "gnu++0x";
				CLANG_CXX_LIBRARY = "libc++";
				CLANG_ENABLE_MODULES = YES;
				CLANG_ENABLE_OBJC_ARC = YES;
				CLANG_WARN_BOOL_CONVERSION = YES;
				CLANG_WARN_CONSTANT_CONVERSION = YES;
				CLANG_WARN_DIRECT_OBJC_ISA_USAGE = YES_ERROR;
				CLANG_WARN_DOCUMENTATION_COMMENTS = YES;
				CLANG_WARN_EMPTY_BODY = YES;
				CLANG_WARN_ENUM_CONVERSION = YES;
				CLANG_WARN_INFINITE_RECURSION = YES;
				CLANG_WARN_INT_CONVERSION = YES;
				CLANG_WARN_OBJC_ROOT_CLASS = YES_ERROR;
				CLANG_WARN_SUSPICIOUS_MOVES = YES;
				CLANG_WARN_UNREACHABLE_CODE = YES;
				CLANG_WARN__DUPLICATE_METHOD_MATCH = YES;
				"CODE_SIGN_IDENTITY[sdk=iphoneos*]" = "iPhone Developer";
				COPY_PHASE_STRIP = NO;
				DEBUG_INFORMATION_FORMAT = "dwarf-with-dsym";
				ENABLE_NS_ASSERTIONS = NO;
				ENABLE_STRICT_OBJC_MSGSEND = YES;
				GCC_C_LANGUAGE_STANDARD = gnu99;
				GCC_NO_COMMON_BLOCKS = YES;
				GCC_WARN_64_TO_32_BIT_CONVERSION = YES;
				GCC_WARN_ABOUT_RETURN_TYPE = YES_ERROR;
				GCC_WARN_UNDECLARED_SELECTOR = YES;
				GCC_WARN_UNINITIALIZED_AUTOS = YES_AGGRESSIVE;
				GCC_WARN_UNUSED_FUNCTION = YES;
				GCC_WARN_UNUSED_VARIABLE = YES;
				IPHONEOS_DEPLOYMENT_TARGET = 10.1;
				MTL_ENABLE_DEBUG_INFO = NO;
				SDKROOT = iphoneos;
				SWIFT_OPTIMIZATION_LEVEL = "-Owholemodule";
				VALIDATE_PRODUCT = YES;
			};
			name = Release;
		};
		F84F2DC91DEA5B8600C0C187 /* Debug */ = {
			isa = XCBuildConfiguration;
			buildSettings = {
				ASSETCATALOG_COMPILER_APPICON_NAME = AppIcon;
				DEVELOPMENT_TEAM = XV5UP6YVSA;
				INFOPLIST_FILE = Launchy/Info.plist;
				LD_RUNPATH_SEARCH_PATHS = "$(inherited) @executable_path/Frameworks";
				PRODUCT_BUNDLE_IDENTIFIER = io.swiftninja.Launchy;
				PRODUCT_NAME = "$(TARGET_NAME)";
				SWIFT_VERSION = 3.0;
			};
			name = Debug;
		};
		F84F2DCA1DEA5B8600C0C187 /* Release */ = {
			isa = XCBuildConfiguration;
			buildSettings = {
				ASSETCATALOG_COMPILER_APPICON_NAME = AppIcon;
				DEVELOPMENT_TEAM = XV5UP6YVSA;
				INFOPLIST_FILE = Launchy/Info.plist;
				LD_RUNPATH_SEARCH_PATHS = "$(inherited) @executable_path/Frameworks";
				PRODUCT_BUNDLE_IDENTIFIER = io.swiftninja.Launchy;
				PRODUCT_NAME = "$(TARGET_NAME)";
				SWIFT_VERSION = 3.0;
			};
			name = Release;
		};
/* End XCBuildConfiguration section */

/* Begin XCConfigurationList section */
		F84F2DB11DEA5B8600C0C187 /* Build configuration list for PBXProject "Launchy" */ = {
			isa = XCConfigurationList;
			buildConfigurations = (
				F84F2DC61DEA5B8600C0C187 /* Debug */,
				F84F2DC71DEA5B8600C0C187 /* Release */,
			);
			defaultConfigurationIsVisible = 0;
			defaultConfigurationName = Release;
		};
		F84F2DC81DEA5B8600C0C187 /* Build configuration list for PBXNativeTarget "Launchy" */ = {
			isa = XCConfigurationList;
			buildConfigurations = (
				F84F2DC91DEA5B8600C0C187 /* Debug */,
				F84F2DCA1DEA5B8600C0C187 /* Release */,
			);
			defaultConfigurationIsVisible = 0;
		};
/* End XCConfigurationList section */
	};
	rootObject = F84F2DAE1DEA5B8600C0C187 /* Project object */;
}
