// !$*UTF8*$!
{
	archiveVersion = 1;
	classes = {
	};
	objectVersion = 46;
	objects = {

/* Begin PBXBuildFile section */
		F84AB1F71E18471C002BCD41 /* AppDelegate.swift in Sources */ = {isa = PBXBuildFile; fileRef = F84AB1F61E18471C002BCD41 /* AppDelegate.swift */; };
		F84AB1F91E18471C002BCD41 /* ViewController.swift in Sources */ = {isa = PBXBuildFile; fileRef = F84AB1F81E18471C002BCD41 /* ViewController.swift */; };
		F84AB1FC1E18471C002BCD41 /* Main.storyboard in Resources */ = {isa = PBXBuildFile; fileRef = F84AB1FA1E18471C002BCD41 /* Main.storyboard */; };
		F84AB1FE1E18471C002BCD41 /* Assets.xcassets in Resources */ = {isa = PBXBuildFile; fileRef = F84AB1FD1E18471C002BCD41 /* Assets.xcassets */; };
		F84AB2011E18471C002BCD41 /* LaunchScreen.storyboard in Resources */ = {isa = PBXBuildFile; fileRef = F84AB1FF1E18471C002BCD41 /* LaunchScreen.storyboard */; };
/* End PBXBuildFile section */

/* Begin PBXFileReference section */
		F84AB1F31E18471C002BCD41 /* Alertly2.app */ = {isa = PBXFileReference; explicitFileType = wrapper.application; includeInIndex = 0; path = Alertly2.app; sourceTree = BUILT_PRODUCTS_DIR; };
		F84AB1F61E18471C002BCD41 /* AppDelegate.swift */ = {isa = PBXFileReference; lastKnownFileType = sourcecode.swift; path = AppDelegate.swift; sourceTree = "<group>"; };
		F84AB1F81E18471C002BCD41 /* ViewController.swift */ = {isa = PBXFileReference; lastKnownFileType = sourcecode.swift; path = ViewController.swift; sourceTree = "<group>"; };
		F84AB1FB1E18471C002BCD41 /* Base */ = {isa = PBXFileReference; lastKnownFileType = file.storyboard; name = Base; path = Base.lproj/Main.storyboard; sourceTree = "<group>"; };
		F84AB1FD1E18471C002BCD41 /* Assets.xcassets */ = {isa = PBXFileReference; lastKnownFileType = folder.assetcatalog; path = Assets.xcassets; sourceTree = "<group>"; };
		F84AB2001E18471C002BCD41 /* Base */ = {isa = PBXFileReference; lastKnownFileType = file.storyboard; name = Base; path = Base.lproj/LaunchScreen.storyboard; sourceTree = "<group>"; };
		F84AB2021E18471C002BCD41 /* Info.plist */ = {isa = PBXFileReference; lastKnownFileType = text.plist.xml; path = Info.plist; sourceTree = "<group>"; };
/* End PBXFileReference section */

/* Begin PBXFrameworksBuildPhase section */
		F84AB1F01E18471C002BCD41 /* Frameworks */ = {
			isa = PBXFrameworksBuildPhase;
			buildActionMask = 2147483647;
			files = (
			);
			runOnlyForDeploymentPostprocessing = 0;
		};
/* End PBXFrameworksBuildPhase section */

/* Begin PBXGroup section */
		F84AB1EA1E18471C002BCD41 = {
			isa = PBXGroup;
			children = (
				F84AB1F51E18471C002BCD41 /* Alertly2 */,
				F84AB1F41E18471C002BCD41 /* Products */,
			);
			sourceTree = "<group>";
		};
		F84AB1F41E18471C002BCD41 /* Products */ = {
			isa = PBXGroup;
			children = (
				F84AB1F31E18471C002BCD41 /* Alertly2.app */,
			);
			name = Products;
			sourceTree = "<group>";
		};
		F84AB1F51E18471C002BCD41 /* Alertly2 */ = {
			isa = PBXGroup;
			children = (
				F84AB1F61E18471C002BCD41 /* AppDelegate.swift */,
				F84AB1F81E18471C002BCD41 /* ViewController.swift */,
				F84AB1FA1E18471C002BCD41 /* Main.storyboard */,
				F84AB1FD1E18471C002BCD41 /* Assets.xcassets */,
				F84AB1FF1E18471C002BCD41 /* LaunchScreen.storyboard */,
				F84AB2021E18471C002BCD41 /* Info.plist */,
			);
			path = Alertly2;
			sourceTree = "<group>";
		};
/* End PBXGroup section */

/* Begin PBXNativeTarget section */
		F84AB1F21E18471C002BCD41 /* Alertly2 */ = {
			isa = PBXNativeTarget;
			buildConfigurationList = F84AB2051E18471C002BCD41 /* Build configuration list for PBXNativeTarget "Alertly2" */;
			buildPhases = (
				F84AB1EF1E18471C002BCD41 /* Sources */,
				F84AB1F01E18471C002BCD41 /* Frameworks */,
				F84AB1F11E18471C002BCD41 /* Resources */,
			);
			buildRules = (
			);
			dependencies = (
			);
			name = Alertly2;
			productName = Alertly2;
			productReference = F84AB1F31E18471C002BCD41 /* Alertly2.app */;
			productType = "com.apple.product-type.application";
		};
/* End PBXNativeTarget section */

/* Begin PBXProject section */
		F84AB1EB1E18471C002BCD41 /* Project object */ = {
			isa = PBXProject;
			attributes = {
				LastSwiftUpdateCheck = 0820;
				LastUpgradeCheck = 0820;
				ORGANIZATIONNAME = "Peter Shearer";
				TargetAttributes = {
					F84AB1F21E18471C002BCD41 = {
						CreatedOnToolsVersion = 8.2.1;
						DevelopmentTeam = XV5UP6YVSA;
						ProvisioningStyle = Automatic;
					};
				};
			};
			buildConfigurationList = F84AB1EE1E18471C002BCD41 /* Build configuration list for PBXProject "Alertly2" */;
			compatibilityVersion = "Xcode 3.2";
			developmentRegion = English;
			hasScannedForEncodings = 0;
			knownRegions = (
				en,
				Base,
			);
			mainGroup = F84AB1EA1E18471C002BCD41;
			productRefGroup = F84AB1F41E18471C002BCD41 /* Products */;
			projectDirPath = "";
			projectRoot = "";
			targets = (
				F84AB1F21E18471C002BCD41 /* Alertly2 */,
			);
		};
/* End PBXProject section */

/* Begin PBXResourcesBuildPhase section */
		F84AB1F11E18471C002BCD41 /* Resources */ = {
			isa = PBXResourcesBuildPhase;
			buildActionMask = 2147483647;
			files = (
				F84AB2011E18471C002BCD41 /* LaunchScreen.storyboard in Resources */,
				F84AB1FE1E18471C002BCD41 /* Assets.xcassets in Resources */,
				F84AB1FC1E18471C002BCD41 /* Main.storyboard in Resources */,
			);
			runOnlyForDeploymentPostprocessing = 0;
		};
/* End PBXResourcesBuildPhase section */

/* Begin PBXSourcesBuildPhase section */
		F84AB1EF1E18471C002BCD41 /* Sources */ = {
			isa = PBXSourcesBuildPhase;
			buildActionMask = 2147483647;
			files = (
				F84AB1F91E18471C002BCD41 /* ViewController.swift in Sources */,
				F84AB1F71E18471C002BCD41 /* AppDelegate.swift in Sources */,
			);
			runOnlyForDeploymentPostprocessing = 0;
		};
/* End PBXSourcesBuildPhase section */

/* Begin PBXVariantGroup section */
		F84AB1FA1E18471C002BCD41 /* Main.storyboard */ = {
			isa = PBXVariantGroup;
			children = (
				F84AB1FB1E18471C002BCD41 /* Base */,
			);
			name = Main.storyboard;
			sourceTree = "<group>";
		};
		F84AB1FF1E18471C002BCD41 /* LaunchScreen.storyboard */ = {
			isa = PBXVariantGroup;
			children = (
				F84AB2001E18471C002BCD41 /* Base */,
			);
			name = LaunchScreen.storyboard;
			sourceTree = "<group>";
		};
/* End PBXVariantGroup section */

/* Begin XCBuildConfiguration section */
		F84AB2031E18471C002BCD41 /* Debug */ = {
			isa = XCBuildConfiguration;
			buildSettings = {
				ALWAYS_SEARCH_USER_PATHS = NO;
				CLANG_ANALYZER_NONNULL = YES;
				CLANG_CXX_LANGUAGE_STANDARD = "gnu++0x";
				CLANG_CXX_LIBRARY = "libc++";
				CLANG_ENABLE_MODULES = YES;
				CLANG_ENABLE_OBJC_ARC = YES;
				CLANG_WARN_BOOL_CONVERSION = YES;
				CLANG_WARN_CONSTANT_CONVERSION = YES;
				CLANG_WARN_DIRECT_OBJC_ISA_USAGE = YES_ERROR;
				CLANG_WARN_DOCUMENTATION_COMMENTS = YES;
				CLANG_WARN_EMPTY_BODY = YES;
				CLANG_WARN_ENUM_CONVERSION = YES;
				CLANG_WARN_INFINITE_RECURSION = YES;
				CLANG_WARN_INT_CONVERSION = YES;
				CLANG_WARN_OBJC_ROOT_CLASS = YES_ERROR;
				CLANG_WARN_SUSPICIOUS_MOVE = YES;
				CLANG_WARN_UNREACHABLE_CODE = YES;
				CLANG_WARN__DUPLICATE_METHOD_MATCH = YES;
				"CODE_SIGN_IDENTITY[sdk=iphoneos*]" = "iPhone Developer";
				COPY_PHASE_STRIP = NO;
				DEBUG_INFORMATION_FORMAT = dwarf;
				ENABLE_STRICT_OBJC_MSGSEND = YES;
				ENABLE_TESTABILITY = YES;
				GCC_C_LANGUAGE_STANDARD = gnu99;
				GCC_DYNAMIC_NO_PIC = NO;
				GCC_NO_COMMON_BLOCKS = YES;
				GCC_OPTIMIZATION_LEVEL = 0;
				GCC_PREPROCESSOR_DEFINITIONS = (
					"DEBUG=1",
					"$(inherited)",
				);
				GCC_WARN_64_TO_32_BIT_CONVERSION = YES;
				GCC_WARN_ABOUT_RETURN_TYPE = YES_ERROR;
				GCC_WARN_UNDECLARED_SELECTOR = YES;
				GCC_WARN_UNINITIALIZED_AUTOS = YES_AGGRESSIVE;
				GCC_WARN_UNUSED_FUNCTION = YES;
				GCC_WARN_UNUSED_VARIABLE = YES;
				IPHONEOS_DEPLOYMENT_TARGET = 10.2;
				MTL_ENABLE_DEBUG_INFO = YES;
				ONLY_ACTIVE_ARCH = YES;
				SDKROOT = iphoneos;
				SWIFT_ACTIVE_COMPILATION_CONDITIONS = DEBUG;
				SWIFT_OPTIMIZATION_LEVEL = "-Onone";
			};
			name = Debug;
		};
		F84AB2041E18471C002BCD41 /* Release */ = {
			isa = XCBuildConfiguration;
			buildSettings = {
				ALWAYS_SEARCH_USER_PATHS = NO;
				CLANG_ANALYZER_NONNULL = YES;
				CLANG_CXX_LANGUAGE_STANDARD = "gnu++0x";
				CLANG_CXX_LIBRARY = "libc++";
				CLANG_ENABLE_MODULES = YES;
				CLANG_ENABLE_OBJC_ARC = YES;
				CLANG_WARN_BOOL_CONVERSION = YES;
				CLANG_WARN_CONSTANT_CONVERSION = YES;
				CLANG_WARN_DIRECT_OBJC_ISA_USAGE = YES_ERROR;
				CLANG_WARN_DOCUMENTATION_COMMENTS = YES;
				CLANG_WARN_EMPTY_BODY = YES;
				CLANG_WARN_ENUM_CONVERSION = YES;
				CLANG_WARN_INFINITE_RECURSION = YES;
				CLANG_WARN_INT_CONVERSION = YES;
				CLANG_WARN_OBJC_ROOT_CLASS = YES_ERROR;
				CLANG_WARN_SUSPICIOUS_MOVE = YES;
				CLANG_WARN_UNREACHABLE_CODE = YES;
				CLANG_WARN__DUPLICATE_METHOD_MATCH = YES;
				"CODE_SIGN_IDENTITY[sdk=iphoneos*]" = "iPhone Developer";
				COPY_PHASE_STRIP = NO;
				DEBUG_INFORMATION_FORMAT = "dwarf-with-dsym";
				ENABLE_NS_ASSERTIONS = NO;
				ENABLE_STRICT_OBJC_MSGSEND = YES;
				GCC_C_LANGUAGE_STANDARD = gnu99;
				GCC_NO_COMMON_BLOCKS = YES;
				GCC_WARN_64_TO_32_BIT_CONVERSION = YES;
				GCC_WARN_ABOUT_RETURN_TYPE = YES_ERROR;
				GCC_WARN_UNDECLARED_SELECTOR = YES;
				GCC_WARN_UNINITIALIZED_AUTOS = YES_AGGRESSIVE;
				GCC_WARN_UNUSED_FUNCTION = YES;
				GCC_WARN_UNUSED_VARIABLE = YES;
				IPHONEOS_DEPLOYMENT_TARGET = 10.2;
				MTL_ENABLE_DEBUG_INFO = NO;
				SDKROOT = iphoneos;
				SWIFT_OPTIMIZATION_LEVEL = "-Owholemodule";
				VALIDATE_PRODUCT = YES;
			};
			name = Release;
		};
		F84AB2061E18471C002BCD41 /* Debug */ = {
			isa = XCBuildConfiguration;
			buildSettings = {
				ASSETCATALOG_COMPILER_APPICON_NAME = AppIcon;
				DEVELOPMENT_TEAM = XV5UP6YVSA;
				INFOPLIST_FILE = Alertly2/Info.plist;
				LD_RUNPATH_SEARCH_PATHS = "$(inherited) @executable_path/Frameworks";
				PRODUCT_BUNDLE_IDENTIFIER = io.swiftninja.Alertly2;
				PRODUCT_NAME = "$(TARGET_NAME)";
				SWIFT_VERSION = 3.0;
			};
			name = Debug;
		};
		F84AB2071E18471C002BCD41 /* Release */ = {
			isa = XCBuildConfiguration;
			buildSettings = {
				ASSETCATALOG_COMPILER_APPICON_NAME = AppIcon;
				DEVELOPMENT_TEAM = XV5UP6YVSA;
				INFOPLIST_FILE = Alertly2/Info.plist;
				LD_RUNPATH_SEARCH_PATHS = "$(inherited) @executable_path/Frameworks";
				PRODUCT_BUNDLE_IDENTIFIER = io.swiftninja.Alertly2;
				PRODUCT_NAME = "$(TARGET_NAME)";
				SWIFT_VERSION = 3.0;
			};
			name = Release;
		};
/* End XCBuildConfiguration section */

/* Begin XCConfigurationList section */
		F84AB1EE1E18471C002BCD41 /* Build configuration list for PBXProject "Alertly2" */ = {
			isa = XCConfigurationList;
			buildConfigurations = (
				F84AB2031E18471C002BCD41 /* Debug */,
				F84AB2041E18471C002BCD41 /* Release */,
			);
			defaultConfigurationIsVisible = 0;
			defaultConfigurationName = Release;
		};
		F84AB2051E18471C002BCD41 /* Build configuration list for PBXNativeTarget "Alertly2" */ = {
			isa = XCConfigurationList;
			buildConfigurations = (
				F84AB2061E18471C002BCD41 /* Debug */,
				F84AB2071E18471C002BCD41 /* Release */,
			);
			defaultConfigurationIsVisible = 0;
		};
/* End XCConfigurationList section */
	};
	rootObject = F84AB1EB1E18471C002BCD41 /* Project object */;
}
