// !$*UTF8*$!
{
	archiveVersion = 1;
	classes = {
	};
	objectVersion = 46;
	objects = {

/* Begin PBXBuildFile section */
		F8EAA5DF1E0EB1B30007D5AC /* AppDelegate.swift in Sources */ = {isa = PBXBuildFile; fileRef = F8EAA5DE1E0EB1B30007D5AC /* AppDelegate.swift */; };
		F8EAA5E11E0EB1B30007D5AC /* ViewController.swift in Sources */ = {isa = PBXBuildFile; fileRef = F8EAA5E01E0EB1B30007D5AC /* ViewController.swift */; };
		F8EAA5E41E0EB1B30007D5AC /* Main.storyboard in Resources */ = {isa = PBXBuildFile; fileRef = F8EAA5E21E0EB1B30007D5AC /* Main.storyboard */; };
		F8EAA5E61E0EB1B30007D5AC /* Assets.xcassets in Resources */ = {isa = PBXBuildFile; fileRef = F8EAA5E51E0EB1B30007D5AC /* Assets.xcassets */; };
		F8EAA5E91E0EB1B30007D5AC /* LaunchScreen.storyboard in Resources */ = {isa = PBXBuildFile; fileRef = F8EAA5E71E0EB1B30007D5AC /* LaunchScreen.storyboard */; };
/* End PBXBuildFile section */

/* Begin PBXFileReference section */
		F8EAA5DB1E0EB1B30007D5AC /* Alertly.app */ = {isa = PBXFileReference; explicitFileType = wrapper.application; includeInIndex = 0; path = Alertly.app; sourceTree = BUILT_PRODUCTS_DIR; };
		F8EAA5DE1E0EB1B30007D5AC /* AppDelegate.swift */ = {isa = PBXFileReference; lastKnownFileType = sourcecode.swift; path = AppDelegate.swift; sourceTree = "<group>"; };
		F8EAA5E01E0EB1B30007D5AC /* ViewController.swift */ = {isa = PBXFileReference; lastKnownFileType = sourcecode.swift; path = ViewController.swift; sourceTree = "<group>"; };
		F8EAA5E31E0EB1B30007D5AC /* Base */ = {isa = PBXFileReference; lastKnownFileType = file.storyboard; name = Base; path = Base.lproj/Main.storyboard; sourceTree = "<group>"; };
		F8EAA5E51E0EB1B30007D5AC /* Assets.xcassets */ = {isa = PBXFileReference; lastKnownFileType = folder.assetcatalog; path = Assets.xcassets; sourceTree = "<group>"; };
		F8EAA5E81E0EB1B30007D5AC /* Base */ = {isa = PBXFileReference; lastKnownFileType = file.storyboard; name = Base; path = Base.lproj/LaunchScreen.storyboard; sourceTree = "<group>"; };
		F8EAA5EA1E0EB1B30007D5AC /* Info.plist */ = {isa = PBXFileReference; lastKnownFileType = text.plist.xml; path = Info.plist; sourceTree = "<group>"; };
/* End PBXFileReference section */

/* Begin PBXFrameworksBuildPhase section */
		F8EAA5D81E0EB1B20007D5AC /* Frameworks */ = {
			isa = PBXFrameworksBuildPhase;
			buildActionMask = 2147483647;
			files = (
			);
			runOnlyForDeploymentPostprocessing = 0;
		};
/* End PBXFrameworksBuildPhase section */

/* Begin PBXGroup section */
		F8EAA5D21E0EB1B20007D5AC = {
			isa = PBXGroup;
			children = (
				F8EAA5DD1E0EB1B30007D5AC /* Alertly */,
				F8EAA5DC1E0EB1B30007D5AC /* Products */,
			);
			sourceTree = "<group>";
		};
		F8EAA5DC1E0EB1B30007D5AC /* Products */ = {
			isa = PBXGroup;
			children = (
				F8EAA5DB1E0EB1B30007D5AC /* Alertly.app */,
			);
			name = Products;
			sourceTree = "<group>";
		};
		F8EAA5DD1E0EB1B30007D5AC /* Alertly */ = {
			isa = PBXGroup;
			children = (
				F8EAA5DE1E0EB1B30007D5AC /* AppDelegate.swift */,
				F8EAA5E01E0EB1B30007D5AC /* ViewController.swift */,
				F8EAA5E21E0EB1B30007D5AC /* Main.storyboard */,
				F8EAA5E51E0EB1B30007D5AC /* Assets.xcassets */,
				F8EAA5E71E0EB1B30007D5AC /* LaunchScreen.storyboard */,
				F8EAA5EA1E0EB1B30007D5AC /* Info.plist */,
			);
			path = Alertly;
			sourceTree = "<group>";
		};
/* End PBXGroup section */

/* Begin PBXNativeTarget section */
		F8EAA5DA1E0EB1B20007D5AC /* Alertly */ = {
			isa = PBXNativeTarget;
			buildConfigurationList = F8EAA5ED1E0EB1B30007D5AC /* Build configuration list for PBXNativeTarget "Alertly" */;
			buildPhases = (
				F8EAA5D71E0EB1B20007D5AC /* Sources */,
				F8EAA5D81E0EB1B20007D5AC /* Frameworks */,
				F8EAA5D91E0EB1B20007D5AC /* Resources */,
			);
			buildRules = (
			);
			dependencies = (
			);
			name = Alertly;
			productName = Alertly;
			productReference = F8EAA5DB1E0EB1B30007D5AC /* Alertly.app */;
			productType = "com.apple.product-type.application";
		};
/* End PBXNativeTarget section */

/* Begin PBXProject section */
		F8EAA5D31E0EB1B20007D5AC /* Project object */ = {
			isa = PBXProject;
			attributes = {
				LastSwiftUpdateCheck = 0820;
				LastUpgradeCheck = 0920;
				ORGANIZATIONNAME = "Peter Shearer";
				TargetAttributes = {
					F8EAA5DA1E0EB1B20007D5AC = {
						CreatedOnToolsVersion = 8.2.1;
						DevelopmentTeam = XV5UP6YVSA;
						LastSwiftMigration = 0920;
						ProvisioningStyle = Automatic;
					};
				};
			};
			buildConfigurationList = F8EAA5D61E0EB1B20007D5AC /* Build configuration list for PBXProject "Alertly" */;
			compatibilityVersion = "Xcode 3.2";
			developmentRegion = English;
			hasScannedForEncodings = 0;
			knownRegions = (
				en,
				Base,
			);
			mainGroup = F8EAA5D21E0EB1B20007D5AC;
			productRefGroup = F8EAA5DC1E0EB1B30007D5AC /* Products */;
			projectDirPath = "";
			projectRoot = "";
			targets = (
				F8EAA5DA1E0EB1B20007D5AC /* Alertly */,
			);
		};
/* End PBXProject section */

/* Begin PBXResourcesBuildPhase section */
		F8EAA5D91E0EB1B20007D5AC /* Resources */ = {
			isa = PBXResourcesBuildPhase;
			buildActionMask = 2147483647;
			files = (
				F8EAA5E91E0EB1B30007D5AC /* LaunchScreen.storyboard in Resources */,
				F8EAA5E61E0EB1B30007D5AC /* Assets.xcassets in Resources */,
				F8EAA5E41E0EB1B30007D5AC /* Main.storyboard in Resources */,
			);
			runOnlyForDeploymentPostprocessing = 0;
		};
/* End PBXResourcesBuildPhase section */

/* Begin PBXSourcesBuildPhase section */
		F8EAA5D71E0EB1B20007D5AC /* Sources */ = {
			isa = PBXSourcesBuildPhase;
			buildActionMask = 2147483647;
			files = (
				F8EAA5E11E0EB1B30007D5AC /* ViewController.swift in Sources */,
				F8EAA5DF1E0EB1B30007D5AC /* AppDelegate.swift in Sources */,
			);
			runOnlyForDeploymentPostprocessing = 0;
		};
/* End PBXSourcesBuildPhase section */

/* Begin PBXVariantGroup section */
		F8EAA5E21E0EB1B30007D5AC /* Main.storyboard */ = {
			isa = PBXVariantGroup;
			children = (
				F8EAA5E31E0EB1B30007D5AC /* Base */,
			);
			name = Main.storyboard;
			sourceTree = "<group>";
		};
		F8EAA5E71E0EB1B30007D5AC /* LaunchScreen.storyboard */ = {
			isa = PBXVariantGroup;
			children = (
				F8EAA5E81E0EB1B30007D5AC /* Base */,
			);
			name = LaunchScreen.storyboard;
			sourceTree = "<group>";
		};
/* End PBXVariantGroup section */

/* Begin XCBuildConfiguration section */
		F8EAA5EB1E0EB1B30007D5AC /* Debug */ = {
			isa = XCBuildConfiguration;
			buildSettings = {
				ALWAYS_SEARCH_USER_PATHS = NO;
				CLANG_ANALYZER_NONNULL = YES;
				CLANG_CXX_LANGUAGE_STANDARD = "gnu++0x";
				CLANG_CXX_LIBRARY = "libc++";
				CLANG_ENABLE_MODULES = YES;
				CLANG_ENABLE_OBJC_ARC = YES;
				CLANG_WARN_BLOCK_CAPTURE_AUTORELEASING = YES;
				CLANG_WARN_BOOL_CONVERSION = YES;
				CLANG_WARN_COMMA = YES;
				CLANG_WARN_CONSTANT_CONVERSION = YES;
				CLANG_WARN_DIRECT_OBJC_ISA_USAGE = YES_ERROR;
				CLANG_WARN_DOCUMENTATION_COMMENTS = YES;
				CLANG_WARN_EMPTY_BODY = YES;
				CLANG_WARN_ENUM_CONVERSION = YES;
				CLANG_WARN_INFINITE_RECURSION = YES;
				CLANG_WARN_INT_CONVERSION = YES;
				CLANG_WARN_NON_LITERAL_NULL_CONVERSION = YES;
				CLANG_WARN_OBJC_LITERAL_CONVERSION = YES;
				CLANG_WARN_OBJC_ROOT_CLASS = YES_ERROR;
				CLANG_WARN_RANGE_LOOP_ANALYSIS = YES;
				CLANG_WARN_STRICT_PROTOTYPES = YES;
				CLANG_WARN_SUSPICIOUS_MOVE = YES;
				CLANG_WARN_UNREACHABLE_CODE = YES;
				CLANG_WARN__DUPLICATE_METHOD_MATCH = YES;
				"CODE_SIGN_IDENTITY[sdk=iphoneos*]" = "iPhone Developer";
				COPY_PHASE_STRIP = NO;
				DEBUG_INFORMATION_FORMAT = dwarf;
				ENABLE_STRICT_OBJC_MSGSEND = YES;
				ENABLE_TESTABILITY = YES;
				GCC_C_LANGUAGE_STANDARD = gnu99;
				GCC_DYNAMIC_NO_PIC = NO;
				GCC_NO_COMMON_BLOCKS = YES;
				GCC_OPTIMIZATION_LEVEL = 0;
				GCC_PREPROCESSOR_DEFINITIONS = (
					"DEBUG=1",
					"$(inherited)",
				);
				GCC_WARN_64_TO_32_BIT_CONVERSION = YES;
				GCC_WARN_ABOUT_RETURN_TYPE = YES_ERROR;
				GCC_WARN_UNDECLARED_SELECTOR = YES;
				GCC_WARN_UNINITIALIZED_AUTOS = YES_AGGRESSIVE;
				GCC_WARN_UNUSED_FUNCTION = YES;
				GCC_WARN_UNUSED_VARIABLE = YES;
				IPHONEOS_DEPLOYMENT_TARGET = 10.2;
				MTL_ENABLE_DEBUG_INFO = YES;
				ONLY_ACTIVE_ARCH = YES;
				SDKROOT = iphoneos;
				SWIFT_ACTIVE_COMPILATION_CONDITIONS = DEBUG;
				SWIFT_OPTIMIZATION_LEVEL = "-Onone";
				SWIFT_VERSION = 4.0;
			};
			name = Debug;
		};
		F8EAA5EC1E0EB1B30007D5AC /* Release */ = {
			isa = XCBuildConfiguration;
			buildSettings = {
				ALWAYS_SEARCH_USER_PATHS = NO;
				CLANG_ANALYZER_NONNULL = YES;
				CLANG_CXX_LANGUAGE_STANDARD = "gnu++0x";
				CLANG_CXX_LIBRARY = "libc++";
				CLANG_ENABLE_MODULES = YES;
				CLANG_ENABLE_OBJC_ARC = YES;
				CLANG_WARN_BLOCK_CAPTURE_AUTORELEASING = YES;
				CLANG_WARN_BOOL_CONVERSION = YES;
				CLANG_WARN_COMMA = YES;
				CLANG_WARN_CONSTANT_CONVERSION = YES;
				CLANG_WARN_DIRECT_OBJC_ISA_USAGE = YES_ERROR;
				CLANG_WARN_DOCUMENTATION_COMMENTS = YES;
				CLANG_WARN_EMPTY_BODY = YES;
				CLANG_WARN_ENUM_CONVERSION = YES;
				CLANG_WARN_INFINITE_RECURSION = YES;
				CLANG_WARN_INT_CONVERSION = YES;
				CLANG_WARN_NON_LITERAL_NULL_CONVERSION = YES;
				CLANG_WARN_OBJC_LITERAL_CONVERSION = YES;
				CLANG_WARN_OBJC_ROOT_CLASS = YES_ERROR;
				CLANG_WARN_RANGE_LOOP_ANALYSIS = YES;
				CLANG_WARN_STRICT_PROTOTYPES = YES;
				CLANG_WARN_SUSPICIOUS_MOVE = YES;
				CLANG_WARN_UNREACHABLE_CODE = YES;
				CLANG_WARN__DUPLICATE_METHOD_MATCH = YES;
				"CODE_SIGN_IDENTITY[sdk=iphoneos*]" = "iPhone Developer";
				COPY_PHASE_STRIP = NO;
				DEBUG_INFORMATION_FORMAT = "dwarf-with-dsym";
				ENABLE_NS_ASSERTIONS = NO;
				ENABLE_STRICT_OBJC_MSGSEND = YES;
				GCC_C_LANGUAGE_STANDARD = gnu99;
				GCC_NO_COMMON_BLOCKS = YES;
				GCC_WARN_64_TO_32_BIT_CONVERSION = YES;
				GCC_WARN_ABOUT_RETURN_TYPE = YES_ERROR;
				GCC_WARN_UNDECLARED_SELECTOR = YES;
				GCC_WARN_UNINITIALIZED_AUTOS = YES_AGGRESSIVE;
				GCC_WARN_UNUSED_FUNCTION = YES;
				GCC_WARN_UNUSED_VARIABLE = YES;
				IPHONEOS_DEPLOYMENT_TARGET = 10.2;
				MTL_ENABLE_DEBUG_INFO = NO;
				SDKROOT = iphoneos;
				SWIFT_OPTIMIZATION_LEVEL = "-Owholemodule";
				SWIFT_VERSION = 4.0;
				VALIDATE_PRODUCT = YES;
			};
			name = Release;
		};
		F8EAA5EE1E0EB1B30007D5AC /* Debug */ = {
			isa = XCBuildConfiguration;
			buildSettings = {
				ASSETCATALOG_COMPILER_APPICON_NAME = AppIcon;
				DEVELOPMENT_TEAM = XV5UP6YVSA;
				INFOPLIST_FILE = Alertly/Info.plist;
				LD_RUNPATH_SEARCH_PATHS = "$(inherited) @executable_path/Frameworks";
				PRODUCT_BUNDLE_IDENTIFIER = io.swiftninja.Alertly;
				PRODUCT_NAME = "$(TARGET_NAME)";
				SWIFT_SWIFT3_OBJC_INFERENCE = On;
				SWIFT_VERSION = 4.0;
			};
			name = Debug;
		};
		F8EAA5EF1E0EB1B30007D5AC /* Release */ = {
			isa = XCBuildConfiguration;
			buildSettings = {
				ASSETCATALOG_COMPILER_APPICON_NAME = AppIcon;
				DEVELOPMENT_TEAM = XV5UP6YVSA;
				INFOPLIST_FILE = Alertly/Info.plist;
				LD_RUNPATH_SEARCH_PATHS = "$(inherited) @executable_path/Frameworks";
				PRODUCT_BUNDLE_IDENTIFIER = io.swiftninja.Alertly;
				PRODUCT_NAME = "$(TARGET_NAME)";
				SWIFT_SWIFT3_OBJC_INFERENCE = On;
				SWIFT_VERSION = 4.0;
			};
			name = Release;
		};
/* End XCBuildConfiguration section */

/* Begin XCConfigurationList section */
		F8EAA5D61E0EB1B20007D5AC /* Build configuration list for PBXProject "Alertly" */ = {
			isa = XCConfigurationList;
			buildConfigurations = (
				F8EAA5EB1E0EB1B30007D5AC /* Debug */,
				F8EAA5EC1E0EB1B30007D5AC /* Release */,
			);
			defaultConfigurationIsVisible = 0;
			defaultConfigurationName = Release;
		};
		F8EAA5ED1E0EB1B30007D5AC /* Build configuration list for PBXNativeTarget "Alertly" */ = {
			isa = XCConfigurationList;
			buildConfigurations = (
				F8EAA5EE1E0EB1B30007D5AC /* Debug */,
				F8EAA5EF1E0EB1B30007D5AC /* Release */,
			);
			defaultConfigurationIsVisible = 0;
			defaultConfigurationName = Release;
		};
/* End XCConfigurationList section */
	};
	rootObject = F8EAA5D31E0EB1B20007D5AC /* Project object */;
}
